
Microsoft Visual Studio Solution File, Format Version 12.00
# Visual Studio Version 17
VisualStudioVersion = 17.3.32929.385
MinimumVisualStudioVersion = 10.0.40219.1
Project("{9A19103F-16F7-4668-BE54-9A1E7A4F7556}") = "learnmvc", "learnmvc.csproj", "{34D58EAA-39BA-4240-AAC0-F806FFFC9A9A}"
EndProject
Project("{FAE04EC0-301F-11D3-BF4B-00C04F79EFBC}") = "learnmvc.DataAccess", "..\learnmvc.DataAccess\learnmvc.DataAccess.csproj", "{0D39EE64-29F6-411E-971C-AD7CF1BC099C}"
EndProject
Project("{FAE04EC0-301F-11D3-BF4B-00C04F79EFBC}") = "learnmvc.Models", "..\learnmvc.Models\learnmvc.Models.csproj", "{91B46F5B-0449-4869-A45E-3F1815F91C9D}"
EndProject
Project("{FAE04EC0-301F-11D3-BF4B-00C04F79EFBC}") = "learnmvc.Utility", "..\learnmvc.Utility\learnmvc.Utility.csproj", "{1B2025CD-7427-4AB1-8BBA-DE25D6452C94}"
EndProject
Global
	GlobalSection(SolutionConfigurationPlatforms) = preSolution
		Debug|Any CPU = Debug|Any CPU
		Release|Any CPU = Release|Any CPU
	EndGlobalSection
	GlobalSection(ProjectConfigurationPlatforms) = postSolution
		{34D58EAA-39BA-4240-AAC0-F806FFFC9A9A}.Debug|Any CPU.ActiveCfg = Debug|Any CPU
		{34D58EAA-39BA-4240-AAC0-F806FFFC9A9A}.Debug|Any CPU.Build.0 = Debug|Any CPU
		{34D58EAA-39BA-4240-AAC0-F806FFFC9A9A}.Release|Any CPU.ActiveCfg = Release|Any CPU
		{34D58EAA-39BA-4240-AAC0-F806FFFC9A9A}.Release|Any CPU.Build.0 = Release|Any CPU
		{0D39EE64-29F6-411E-971C-AD7CF1BC099C}.Debug|Any CPU.ActiveCfg = Debug|Any CPU
		{0D39EE64-29F6-411E-971C-AD7CF1BC099C}.Debug|Any CPU.Build.0 = Debug|Any CPU
		{0D39EE64-29F6-411E-971C-AD7CF1BC099C}.Release|Any CPU.ActiveCfg = Release|Any CPU
		{0D39EE64-29F6-411E-971C-AD7CF1BC099C}.Release|Any CPU.Build.0 = Release|Any CPU
		{91B46F5B-0449-4869-A45E-3F1815F91C9D}.Debug|Any CPU.ActiveCfg = Debug|Any CPU
		{91B46F5B-0449-4869-A45E-3F1815F91C9D}.Debug|Any CPU.Build.0 = Debug|Any CPU
		{91B46F5B-0449-4869-A45E-3F1815F91C9D}.Release|Any CPU.ActiveCfg = Release|Any CPU
		{91B46F5B-0449-4869-A45E-3F1815F91C9D}.Release|Any CPU.Build.0 = Release|Any CPU
		{1B2025CD-7427-4AB1-8BBA-DE25D6452C94}.Debug|Any CPU.ActiveCfg = Debug|Any CPU
		{1B2025CD-7427-4AB1-8BBA-DE25D6452C94}.Debug|Any CPU.Build.0 = Debug|Any CPU
		{1B2025CD-7427-4AB1-8BBA-DE25D6452C94}.Release|Any CPU.ActiveCfg = Release|Any CPU
		{1B2025CD-7427-4AB1-8BBA-DE25D6452C94}.Release|Any CPU.Build.0 = Release|Any CPU
	EndGlobalSection
	GlobalSection(SolutionProperties) = preSolution
		HideSolutionNode = FALSE
	EndGlobalSection
	GlobalSection(ExtensibilityGlobals) = postSolution
		SolutionGuid = {B74ED016-7D2F-485A-BA13-CC0052F44AD9}
	EndGlobalSection
EndGlobal
